
Microsoft Visual Studio Solution File, Format Version 12.00
# Visual Studio 15
VisualStudioVersion = 15.0.26403.7
MinimumVisualStudioVersion = 10.0.40219.1
Project("{FAE04EC0-301F-11D3-BF4B-00C04F79EFBC}") = "Drafts", "Drafts\Drafts.csproj", "{FB08D02D-6E15-46B8-A4EF-FC5C958D95CA}"
EndProject
Project("{9092AA53-FB77-4645-B42D-1CCCA6BD08BD}") = "App.Build", "App.Build\App.Build.njsproj", "{68629427-CBAF-4F2A-93C5-F5A6FE620379}"
EndProject
Project("{9092AA53-FB77-4645-B42D-1CCCA6BD08BD}") = "App.Server", "App.Server\App.Server.njsproj", "{1E02BCEF-77A7-48DE-BAB2-2DF452E6AE52}"
EndProject
Project("{9092AA53-FB77-4645-B42D-1CCCA6BD08BD}") = "Node", "Node\Node.njsproj", "{1821650B-0F9B-4511-BB82-70AA3358CBA4}"
EndProject
Global
	GlobalSection(SolutionConfigurationPlatforms) = preSolution
		Debug|Any CPU = Debug|Any CPU
		Release|Any CPU = Release|Any CPU
	EndGlobalSection
	GlobalSection(ProjectConfigurationPlatforms) = postSolution
		{FB08D02D-6E15-46B8-A4EF-FC5C958D95CA}.Debug|Any CPU.ActiveCfg = Debug|Any CPU
		{FB08D02D-6E15-46B8-A4EF-FC5C958D95CA}.Debug|Any CPU.Build.0 = Debug|Any CPU
		{FB08D02D-6E15-46B8-A4EF-FC5C958D95CA}.Release|Any CPU.ActiveCfg = Release|Any CPU
		{FB08D02D-6E15-46B8-A4EF-FC5C958D95CA}.Release|Any CPU.Build.0 = Release|Any CPU
		{68629427-CBAF-4F2A-93C5-F5A6FE620379}.Debug|Any CPU.ActiveCfg = Debug|Any CPU
		{68629427-CBAF-4F2A-93C5-F5A6FE620379}.Debug|Any CPU.Build.0 = Debug|Any CPU
		{68629427-CBAF-4F2A-93C5-F5A6FE620379}.Release|Any CPU.ActiveCfg = Release|Any CPU
		{68629427-CBAF-4F2A-93C5-F5A6FE620379}.Release|Any CPU.Build.0 = Release|Any CPU
		{1E02BCEF-77A7-48DE-BAB2-2DF452E6AE52}.Debug|Any CPU.ActiveCfg = Debug|Any CPU
		{1E02BCEF-77A7-48DE-BAB2-2DF452E6AE52}.Debug|Any CPU.Build.0 = Debug|Any CPU
		{1E02BCEF-77A7-48DE-BAB2-2DF452E6AE52}.Release|Any CPU.ActiveCfg = Release|Any CPU
		{1E02BCEF-77A7-48DE-BAB2-2DF452E6AE52}.Release|Any CPU.Build.0 = Release|Any CPU
		{1821650B-0F9B-4511-BB82-70AA3358CBA4}.Debug|Any CPU.ActiveCfg = Debug|Any CPU
		{1821650B-0F9B-4511-BB82-70AA3358CBA4}.Debug|Any CPU.Build.0 = Debug|Any CPU
		{1821650B-0F9B-4511-BB82-70AA3358CBA4}.Release|Any CPU.ActiveCfg = Release|Any CPU
		{1821650B-0F9B-4511-BB82-70AA3358CBA4}.Release|Any CPU.Build.0 = Release|Any CPU
	EndGlobalSection
	GlobalSection(SolutionProperties) = preSolution
		HideSolutionNode = FALSE
	EndGlobalSection
EndGlobal
